
Microsoft Visual Studio Solution File, Format Version 12.00
# Visual Studio 15
VisualStudioVersion = 15.0.26730.12
MinimumVisualStudioVersion = 10.0.40219.1
Project("{2150E333-8FDC-42A3-9474-1A3956D46DE8}") = "src", "src", "{61556DAE-6B5F-472B-AA8F-6E36E6B1376D}"
EndProject
Project("{2150E333-8FDC-42A3-9474-1A3956D46DE8}") = "test", "test", "{1F622339-3A47-4350-8291-AD6834E025E1}"
EndProject
Project("{9A19103F-16F7-4668-BE54-9A1E7A4F7556}") = "Seq.Forwarder", "src\Seq.Forwarder\Seq.Forwarder.csproj", "{206FCC39-00A9-4C3D-998F-E0D3538E4786}"
EndProject
Project("{9A19103F-16F7-4668-BE54-9A1E7A4F7556}") = "Seq.Forwarder.Tests", "test\Seq.Forwarder.Tests\Seq.Forwarder.Tests.csproj", "{88984363-1BD7-4E60-99B9-7D07666990B8}"
EndProject
Project("{2150E333-8FDC-42A3-9474-1A3956D46DE8}") = "sln", "sln", "{AF47E806-56BD-4431-95EC-4DF3CB26A8DA}"
	ProjectSection(SolutionItems) = preProject
		appveyor.yml = appveyor.yml
		Build.ps1 = Build.ps1
		LICENSE = LICENSE
		README.md = README.md
	EndProjectSection
EndProject
Project("{2150E333-8FDC-42A3-9474-1A3956D46DE8}") = "data", "data", "{CAE68175-E3AF-4120-BE76-C0EA9B024375}"
	ProjectSection(SolutionItems) = preProject
		data\test_42000_is_corrupt.json = data\test_42000_is_corrupt.json
	EndProjectSection
EndProject
Global
	GlobalSection(SolutionConfigurationPlatforms) = preSolution
		Release|Any CPU = Release|Any CPU
		Debug|Any CPU = Debug|Any CPU
	EndGlobalSection
	GlobalSection(ProjectConfigurationPlatforms) = postSolution
		{206FCC39-00A9-4C3D-998F-E0D3538E4786}.Release|Any CPU.ActiveCfg = Release|Any CPU
		{206FCC39-00A9-4C3D-998F-E0D3538E4786}.Release|Any CPU.Build.0 = Release|Any CPU
		{206FCC39-00A9-4C3D-998F-E0D3538E4786}.Debug|Any CPU.ActiveCfg = Debug|Any CPU
		{206FCC39-00A9-4C3D-998F-E0D3538E4786}.Debug|Any CPU.Build.0 = Debug|Any CPU
		{88984363-1BD7-4E60-99B9-7D07666990B8}.Release|Any CPU.ActiveCfg = Release|Any CPU
		{88984363-1BD7-4E60-99B9-7D07666990B8}.Release|Any CPU.Build.0 = Release|Any CPU
		{88984363-1BD7-4E60-99B9-7D07666990B8}.Debug|Any CPU.ActiveCfg = Debug|Any CPU
		{88984363-1BD7-4E60-99B9-7D07666990B8}.Debug|Any CPU.Build.0 = Debug|Any CPU
	EndGlobalSection
	GlobalSection(SolutionProperties) = preSolution
		HideSolutionNode = FALSE
	EndGlobalSection
	GlobalSection(NestedProjects) = preSolution
		{206FCC39-00A9-4C3D-998F-E0D3538E4786} = {61556DAE-6B5F-472B-AA8F-6E36E6B1376D}
		{88984363-1BD7-4E60-99B9-7D07666990B8} = {1F622339-3A47-4350-8291-AD6834E025E1}
	EndGlobalSection
	GlobalSection(ExtensibilityGlobals) = postSolution
		SolutionGuid = {FD7CD612-EA40-4853-8CB6-E4E931FC4A5C}
	EndGlobalSection
EndGlobal
